// !$*UTF8*$!
{
	archiveVersion = 1;
	classes = {
	};
	objectVersion = 46;
	objects = {

/* Begin PBXBuildFile section */
		59F077171E72EE8400EA010B /* AppDelegate.swift in Sources */ = {isa = PBXBuildFile; fileRef = 59F077161E72EE8400EA010B /* AppDelegate.swift */; };
		59F0771C1E72EE8400EA010B /* Main.storyboard in Resources */ = {isa = PBXBuildFile; fileRef = 59F0771A1E72EE8400EA010B /* Main.storyboard */; };
		59F0771E1E72EE8400EA010B /* Assets.xcassets in Resources */ = {isa = PBXBuildFile; fileRef = 59F0771D1E72EE8400EA010B /* Assets.xcassets */; };
		59F077211E72EE8400EA010B /* LaunchScreen.storyboard in Resources */ = {isa = PBXBuildFile; fileRef = 59F0771F1E72EE8400EA010B /* LaunchScreen.storyboard */; };
		59F0772C1E72EE8400EA010B /* HomepwnerTests.swift in Sources */ = {isa = PBXBuildFile; fileRef = 59F0772B1E72EE8400EA010B /* HomepwnerTests.swift */; };
		59F077371E72EE8400EA010B /* HomepwnerUITests.swift in Sources */ = {isa = PBXBuildFile; fileRef = 59F077361E72EE8400EA010B /* HomepwnerUITests.swift */; };
		59F077451E72EFBF00EA010B /* ItemsViewController.swift in Sources */ = {isa = PBXBuildFile; fileRef = 59F077441E72EFBF00EA010B /* ItemsViewController.swift */; };
		59F077471E72F10300EA010B /* Item.swift in Sources */ = {isa = PBXBuildFile; fileRef = 59F077461E72F10300EA010B /* Item.swift */; };
		59F077491E72F53100EA010B /* ItemStore.swift in Sources */ = {isa = PBXBuildFile; fileRef = 59F077481E72F53100EA010B /* ItemStore.swift */; };
/* End PBXBuildFile section */

/* Begin PBXContainerItemProxy section */
		59F077281E72EE8400EA010B /* PBXContainerItemProxy */ = {
			isa = PBXContainerItemProxy;
			containerPortal = 59F0770B1E72EE8400EA010B /* Project object */;
			proxyType = 1;
			remoteGlobalIDString = 59F077121E72EE8400EA010B;
			remoteInfo = Homepwner;
		};
		59F077331E72EE8400EA010B /* PBXContainerItemProxy */ = {
			isa = PBXContainerItemProxy;
			containerPortal = 59F0770B1E72EE8400EA010B /* Project object */;
			proxyType = 1;
			remoteGlobalIDString = 59F077121E72EE8400EA010B;
			remoteInfo = Homepwner;
		};
/* End PBXContainerItemProxy section */

/* Begin PBXFileReference section */
		59F077131E72EE8400EA010B /* Homepwner.app */ = {isa = PBXFileReference; explicitFileType = wrapper.application; includeInIndex = 0; path = Homepwner.app; sourceTree = BUILT_PRODUCTS_DIR; };
		59F077161E72EE8400EA010B /* AppDelegate.swift */ = {isa = PBXFileReference; lastKnownFileType = sourcecode.swift; path = AppDelegate.swift; sourceTree = "<group>"; };
		59F0771B1E72EE8400EA010B /* Base */ = {isa = PBXFileReference; lastKnownFileType = file.storyboard; name = Base; path = Base.lproj/Main.storyboard; sourceTree = "<group>"; };
		59F0771D1E72EE8400EA010B /* Assets.xcassets */ = {isa = PBXFileReference; lastKnownFileType = folder.assetcatalog; path = Assets.xcassets; sourceTree = "<group>"; };
		59F077201E72EE8400EA010B /* Base */ = {isa = PBXFileReference; lastKnownFileType = file.storyboard; name = Base; path = Base.lproj/LaunchScreen.storyboard; sourceTree = "<group>"; };
		59F077221E72EE8400EA010B /* Info.plist */ = {isa = PBXFileReference; lastKnownFileType = text.plist.xml; path = Info.plist; sourceTree = "<group>"; };
		59F077271E72EE8400EA010B /* HomepwnerTests.xctest */ = {isa = PBXFileReference; explicitFileType = wrapper.cfbundle; includeInIndex = 0; path = HomepwnerTests.xctest; sourceTree = BUILT_PRODUCTS_DIR; };
		59F0772B1E72EE8400EA010B /* HomepwnerTests.swift */ = {isa = PBXFileReference; lastKnownFileType = sourcecode.swift; path = HomepwnerTests.swift; sourceTree = "<group>"; };
		59F0772D1E72EE8400EA010B /* Info.plist */ = {isa = PBXFileReference; lastKnownFileType = text.plist.xml; path = Info.plist; sourceTree = "<group>"; };
		59F077321E72EE8400EA010B /* HomepwnerUITests.xctest */ = {isa = PBXFileReference; explicitFileType = wrapper.cfbundle; includeInIndex = 0; path = HomepwnerUITests.xctest; sourceTree = BUILT_PRODUCTS_DIR; };
		59F077361E72EE8400EA010B /* HomepwnerUITests.swift */ = {isa = PBXFileReference; lastKnownFileType = sourcecode.swift; path = HomepwnerUITests.swift; sourceTree = "<group>"; };
		59F077381E72EE8400EA010B /* Info.plist */ = {isa = PBXFileReference; lastKnownFileType = text.plist.xml; path = Info.plist; sourceTree = "<group>"; };
		59F077441E72EFBF00EA010B /* ItemsViewController.swift */ = {isa = PBXFileReference; fileEncoding = 4; lastKnownFileType = sourcecode.swift; path = ItemsViewController.swift; sourceTree = "<group>"; };
		59F077461E72F10300EA010B /* Item.swift */ = {isa = PBXFileReference; fileEncoding = 4; lastKnownFileType = sourcecode.swift; path = Item.swift; sourceTree = "<group>"; };
		59F077481E72F53100EA010B /* ItemStore.swift */ = {isa = PBXFileReference; fileEncoding = 4; lastKnownFileType = sourcecode.swift; path = ItemStore.swift; sourceTree = "<group>"; };
/* End PBXFileReference section */

/* Begin PBXFrameworksBuildPhase section */
		59F077101E72EE8400EA010B /* Frameworks */ = {
			isa = PBXFrameworksBuildPhase;
			buildActionMask = 2147483647;
			files = (
			);
			runOnlyForDeploymentPostprocessing = 0;
		};
		59F077241E72EE8400EA010B /* Frameworks */ = {
			isa = PBXFrameworksBuildPhase;
			buildActionMask = 2147483647;
			files = (
			);
			runOnlyForDeploymentPostprocessing = 0;
		};
		59F0772F1E72EE8400EA010B /* Frameworks */ = {
			isa = PBXFrameworksBuildPhase;
			buildActionMask = 2147483647;
			files = (
			);
			runOnlyForDeploymentPostprocessing = 0;
		};
/* End PBXFrameworksBuildPhase section */

/* Begin PBXGroup section */
		59F0770A1E72EE8400EA010B = {
			isa = PBXGroup;
			children = (
				59F077151E72EE8400EA010B /* Homepwner */,
				59F0772A1E72EE8400EA010B /* HomepwnerTests */,
				59F077351E72EE8400EA010B /* HomepwnerUITests */,
				59F077141E72EE8400EA010B /* Products */,
			);
			sourceTree = "<group>";
		};
		59F077141E72EE8400EA010B /* Products */ = {
			isa = PBXGroup;
			children = (
				59F077131E72EE8400EA010B /* Homepwner.app */,
				59F077271E72EE8400EA010B /* HomepwnerTests.xctest */,
				59F077321E72EE8400EA010B /* HomepwnerUITests.xctest */,
			);
			name = Products;
			sourceTree = "<group>";
		};
		59F077151E72EE8400EA010B /* Homepwner */ = {
			isa = PBXGroup;
			children = (
				59F077161E72EE8400EA010B /* AppDelegate.swift */,
				59F0771A1E72EE8400EA010B /* Main.storyboard */,
				59F0771D1E72EE8400EA010B /* Assets.xcassets */,
				59F077441E72EFBF00EA010B /* ItemsViewController.swift */,
				59F077481E72F53100EA010B /* ItemStore.swift */,
				59F077461E72F10300EA010B /* Item.swift */,
				59F0771F1E72EE8400EA010B /* LaunchScreen.storyboard */,
				59F077221E72EE8400EA010B /* Info.plist */,
			);
			path = Homepwner;
			sourceTree = "<group>";
		};
		59F0772A1E72EE8400EA010B /* HomepwnerTests */ = {
			isa = PBXGroup;
			children = (
				59F0772B1E72EE8400EA010B /* HomepwnerTests.swift */,
				59F0772D1E72EE8400EA010B /* Info.plist */,
			);
			path = HomepwnerTests;
			sourceTree = "<group>";
		};
		59F077351E72EE8400EA010B /* HomepwnerUITests */ = {
			isa = PBXGroup;
			children = (
				59F077361E72EE8400EA010B /* HomepwnerUITests.swift */,
				59F077381E72EE8400EA010B /* Info.plist */,
			);
			path = HomepwnerUITests;
			sourceTree = "<group>";
		};
/* End PBXGroup section */

/* Begin PBXNativeTarget section */
		59F077121E72EE8400EA010B /* Homepwner */ = {
			isa = PBXNativeTarget;
			buildConfigurationList = 59F0773B1E72EE8400EA010B /* Build configuration list for PBXNativeTarget "Homepwner" */;
			buildPhases = (
				59F0770F1E72EE8400EA010B /* Sources */,
				59F077101E72EE8400EA010B /* Frameworks */,
				59F077111E72EE8400EA010B /* Resources */,
			);
			buildRules = (
			);
			dependencies = (
			);
			name = Homepwner;
			productName = Homepwner;
			productReference = 59F077131E72EE8400EA010B /* Homepwner.app */;
			productType = "com.apple.product-type.application";
		};
		59F077261E72EE8400EA010B /* HomepwnerTests */ = {
			isa = PBXNativeTarget;
			buildConfigurationList = 59F0773E1E72EE8400EA010B /* Build configuration list for PBXNativeTarget "HomepwnerTests" */;
			buildPhases = (
				59F077231E72EE8400EA010B /* Sources */,
				59F077241E72EE8400EA010B /* Frameworks */,
				59F077251E72EE8400EA010B /* Resources */,
			);
			buildRules = (
			);
			dependencies = (
				59F077291E72EE8400EA010B /* PBXTargetDependency */,
			);
			name = HomepwnerTests;
			productName = HomepwnerTests;
			productReference = 59F077271E72EE8400EA010B /* HomepwnerTests.xctest */;
			productType = "com.apple.product-type.bundle.unit-test";
		};
		59F077311E72EE8400EA010B /* HomepwnerUITests */ = {
			isa = PBXNativeTarget;
			buildConfigurationList = 59F077411E72EE8400EA010B /* Build configuration list for PBXNativeTarget "HomepwnerUITests" */;
			buildPhases = (
				59F0772E1E72EE8400EA010B /* Sources */,
				59F0772F1E72EE8400EA010B /* Frameworks */,
				59F077301E72EE8400EA010B /* Resources */,
			);
			buildRules = (
			);
			dependencies = (
				59F077341E72EE8400EA010B /* PBXTargetDependency */,
			);
			name = HomepwnerUITests;
			productName = HomepwnerUITests;
			productReference = 59F077321E72EE8400EA010B /* HomepwnerUITests.xctest */;
			productType = "com.apple.product-type.bundle.ui-testing";
		};
/* End PBXNativeTarget section */

/* Begin PBXProject section */
		59F0770B1E72EE8400EA010B /* Project object */ = {
			isa = PBXProject;
			attributes = {
				LastSwiftUpdateCheck = 0820;
				LastUpgradeCheck = 0820;
				ORGANIZATIONNAME = msbbeumer;
				TargetAttributes = {
					59F077121E72EE8400EA010B = {
						CreatedOnToolsVersion = 8.2.1;
						ProvisioningStyle = Automatic;
					};
					59F077261E72EE8400EA010B = {
						CreatedOnToolsVersion = 8.2.1;
						ProvisioningStyle = Automatic;
						TestTargetID = 59F077121E72EE8400EA010B;
					};
					59F077311E72EE8400EA010B = {
						CreatedOnToolsVersion = 8.2.1;
						ProvisioningStyle = Automatic;
						TestTargetID = 59F077121E72EE8400EA010B;
					};
				};
			};
			buildConfigurationList = 59F0770E1E72EE8400EA010B /* Build configuration list for PBXProject "Homepwner" */;
			compatibilityVersion = "Xcode 3.2";
			developmentRegion = English;
			hasScannedForEncodings = 0;
			knownRegions = (
				en,
				Base,
			);
			mainGroup = 59F0770A1E72EE8400EA010B;
			productRefGroup = 59F077141E72EE8400EA010B /* Products */;
			projectDirPath = "";
			projectRoot = "";
			targets = (
				59F077121E72EE8400EA010B /* Homepwner */,
				59F077261E72EE8400EA010B /* HomepwnerTests */,
				59F077311E72EE8400EA010B /* HomepwnerUITests */,
			);
		};
/* End PBXProject section */

/* Begin PBXResourcesBuildPhase section */
		59F077111E72EE8400EA010B /* Resources */ = {
			isa = PBXResourcesBuildPhase;
			buildActionMask = 2147483647;
			files = (
				59F077211E72EE8400EA010B /* LaunchScreen.storyboard in Resources */,
				59F0771E1E72EE8400EA010B /* Assets.xcassets in Resources */,
				59F0771C1E72EE8400EA010B /* Main.storyboard in Resources */,
			);
			runOnlyForDeploymentPostprocessing = 0;
		};
		59F077251E72EE8400EA010B /* Resources */ = {
			isa = PBXResourcesBuildPhase;
			buildActionMask = 2147483647;
			files = (
			);
			runOnlyForDeploymentPostprocessing = 0;
		};
		59F077301E72EE8400EA010B /* Resources */ = {
			isa = PBXResourcesBuildPhase;
			buildActionMask = 2147483647;
			files = (
			);
			runOnlyForDeploymentPostprocessing = 0;
		};
/* End PBXResourcesBuildPhase section */

/* Begin PBXSourcesBuildPhase section */
		59F0770F1E72EE8400EA010B /* Sources */ = {
			isa = PBXSourcesBuildPhase;
			buildActionMask = 2147483647;
			files = (
				59F077451E72EFBF00EA010B /* ItemsViewController.swift in Sources */,
				59F077471E72F10300EA010B /* Item.swift in Sources */,
				59F077491E72F53100EA010B /* ItemStore.swift in Sources */,
				59F077171E72EE8400EA010B /* AppDelegate.swift in Sources */,
			);
			runOnlyForDeploymentPostprocessing = 0;
		};
		59F077231E72EE8400EA010B /* Sources */ = {
			isa = PBXSourcesBuildPhase;
			buildActionMask = 2147483647;
			files = (
				59F0772C1E72EE8400EA010B /* HomepwnerTests.swift in Sources */,
			);
			runOnlyForDeploymentPostprocessing = 0;
		};
		59F0772E1E72EE8400EA010B /* Sources */ = {
			isa = PBXSourcesBuildPhase;
			buildActionMask = 2147483647;
			files = (
				59F077371E72EE8400EA010B /* HomepwnerUITests.swift in Sources */,
			);
			runOnlyForDeploymentPostprocessing = 0;
		};
/* End PBXSourcesBuildPhase section */

/* Begin PBXTargetDependency section */
		59F077291E72EE8400EA010B /* PBXTargetDependency */ = {
			isa = PBXTargetDependency;
			target = 59F077121E72EE8400EA010B /* Homepwner */;
			targetProxy = 59F077281E72EE8400EA010B /* PBXContainerItemProxy */;
		};
		59F077341E72EE8400EA010B /* PBXTargetDependency */ = {
			isa = PBXTargetDependency;
			target = 59F077121E72EE8400EA010B /* Homepwner */;
			targetProxy = 59F077331E72EE8400EA010B /* PBXContainerItemProxy */;
		};
/* End PBXTargetDependency section */

/* Begin PBXVariantGroup section */
		59F0771A1E72EE8400EA010B /* Main.storyboard */ = {
			isa = PBXVariantGroup;
			children = (
				59F0771B1E72EE8400EA010B /* Base */,
			);
			name = Main.storyboard;
			sourceTree = "<group>";
		};
		59F0771F1E72EE8400EA010B /* LaunchScreen.storyboard */ = {
			isa = PBXVariantGroup;
			children = (
				59F077201E72EE8400EA010B /* Base */,
			);
			name = LaunchScreen.storyboard;
			sourceTree = "<group>";
		};
/* End PBXVariantGroup section */

/* Begin XCBuildConfiguration section */
		59F077391E72EE8400EA010B /* Debug */ = {
			isa = XCBuildConfiguration;
			buildSettings = {
				ALWAYS_SEARCH_USER_PATHS = NO;
				CLANG_ANALYZER_NONNULL = YES;
				CLANG_CXX_LANGUAGE_STANDARD = "gnu++0x";
				CLANG_CXX_LIBRARY = "libc++";
				CLANG_ENABLE_MODULES = YES;
				CLANG_ENABLE_OBJC_ARC = YES;
				CLANG_WARN_BOOL_CONVERSION = YES;
				CLANG_WARN_CONSTANT_CONVERSION = YES;
				CLANG_WARN_DIRECT_OBJC_ISA_USAGE = YES_ERROR;
				CLANG_WARN_DOCUMENTATION_COMMENTS = YES;
				CLANG_WARN_EMPTY_BODY = YES;
				CLANG_WARN_ENUM_CONVERSION = YES;
				CLANG_WARN_INFINITE_RECURSION = YES;
				CLANG_WARN_INT_CONVERSION = YES;
				CLANG_WARN_OBJC_ROOT_CLASS = YES_ERROR;
				CLANG_WARN_SUSPICIOUS_MOVE = YES;
				CLANG_WARN_UNREACHABLE_CODE = YES;
				CLANG_WARN__DUPLICATE_METHOD_MATCH = YES;
				"CODE_SIGN_IDENTITY[sdk=iphoneos*]" = "iPhone Developer";
				COPY_PHASE_STRIP = NO;
				DEBUG_INFORMATION_FORMAT = dwarf;
				ENABLE_STRICT_OBJC_MSGSEND = YES;
				ENABLE_TESTABILITY = YES;
				GCC_C_LANGUAGE_STANDARD = gnu99;
				GCC_DYNAMIC_NO_PIC = NO;
				GCC_NO_COMMON_BLOCKS = YES;
				GCC_OPTIMIZATION_LEVEL = 0;
				GCC_PREPROCESSOR_DEFINITIONS = (
					"DEBUG=1",
					"$(inherited)",
				);
				GCC_WARN_64_TO_32_BIT_CONVERSION = YES;
				GCC_WARN_ABOUT_RETURN_TYPE = YES_ERROR;
				GCC_WARN_UNDECLARED_SELECTOR = YES;
				GCC_WARN_UNINITIALIZED_AUTOS = YES_AGGRESSIVE;
				GCC_WARN_UNUSED_FUNCTION = YES;
				GCC_WARN_UNUSED_VARIABLE = YES;
				IPHONEOS_DEPLOYMENT_TARGET = 10.2;
				MTL_ENABLE_DEBUG_INFO = YES;
				ONLY_ACTIVE_ARCH = YES;
				SDKROOT = iphoneos;
				SWIFT_ACTIVE_COMPILATION_CONDITIONS = DEBUG;
				SWIFT_OPTIMIZATION_LEVEL = "-Onone";
			};
			name = Debug;
		};
		59F0773A1E72EE8400EA010B /* Release */ = {
			isa = XCBuildConfiguration;
			buildSettings = {
				ALWAYS_SEARCH_USER_PATHS = NO;
				CLANG_ANALYZER_NONNULL = YES;
				CLANG_CXX_LANGUAGE_STANDARD = "gnu++0x";
				CLANG_CXX_LIBRARY = "libc++";
				CLANG_ENABLE_MODULES = YES;
				CLANG_ENABLE_OBJC_ARC = YES;
				CLANG_WARN_BOOL_CONVERSION = YES;
				CLANG_WARN_CONSTANT_CONVERSION = YES;
				CLANG_WARN_DIRECT_OBJC_ISA_USAGE = YES_ERROR;
				CLANG_WARN_DOCUMENTATION_COMMENTS = YES;
				CLANG_WARN_EMPTY_BODY = YES;
				CLANG_WARN_ENUM_CONVERSION = YES;
				CLANG_WARN_INFINITE_RECURSION = YES;
				CLANG_WARN_INT_CONVERSION = YES;
				CLANG_WARN_OBJC_ROOT_CLASS = YES_ERROR;
				CLANG_WARN_SUSPICIOUS_MOVE = YES;
				CLANG_WARN_UNREACHABLE_CODE = YES;
				CLANG_WARN__DUPLICATE_METHOD_MATCH = YES;
				"CODE_SIGN_IDENTITY[sdk=iphoneos*]" = "iPhone Developer";
				COPY_PHASE_STRIP = NO;
				DEBUG_INFORMATION_FORMAT = "dwarf-with-dsym";
				ENABLE_NS_ASSERTIONS = NO;
				ENABLE_STRICT_OBJC_MSGSEND = YES;
				GCC_C_LANGUAGE_STANDARD = gnu99;
				GCC_NO_COMMON_BLOCKS = YES;
				GCC_WARN_64_TO_32_BIT_CONVERSION = YES;
				GCC_WARN_ABOUT_RETURN_TYPE = YES_ERROR;
				GCC_WARN_UNDECLARED_SELECTOR = YES;
				GCC_WARN_UNINITIALIZED_AUTOS = YES_AGGRESSIVE;
				GCC_WARN_UNUSED_FUNCTION = YES;
				GCC_WARN_UNUSED_VARIABLE = YES;
				IPHONEOS_DEPLOYMENT_TARGET = 10.2;
				MTL_ENABLE_DEBUG_INFO = NO;
				SDKROOT = iphoneos;
				SWIFT_OPTIMIZATION_LEVEL = "-Owholemodule";
				VALIDATE_PRODUCT = YES;
			};
			name = Release;
		};
		59F0773C1E72EE8400EA010B /* Debug */ = {
			isa = XCBuildConfiguration;
			buildSettings = {
				ASSETCATALOG_COMPILER_APPICON_NAME = AppIcon;
				INFOPLIST_FILE = Homepwner/Info.plist;
				LD_RUNPATH_SEARCH_PATHS = "$(inherited) @executable_path/Frameworks";
				PRODUCT_BUNDLE_IDENTIFIER = msbbeumer.Homepwner;
				PRODUCT_NAME = "$(TARGET_NAME)";
				SWIFT_VERSION = 3.0;
			};
			name = Debug;
		};
		59F0773D1E72EE8400EA010B /* Release */ = {
			isa = XCBuildConfiguration;
			buildSettings = {
				ASSETCATALOG_COMPILER_APPICON_NAME = AppIcon;
				INFOPLIST_FILE = Homepwner/Info.plist;
				LD_RUNPATH_SEARCH_PATHS = "$(inherited) @executable_path/Frameworks";
				PRODUCT_BUNDLE_IDENTIFIER = msbbeumer.Homepwner;
				PRODUCT_NAME = "$(TARGET_NAME)";
				SWIFT_VERSION = 3.0;
			};
			name = Release;
		};
		59F0773F1E72EE8400EA010B /* Debug */ = {
			isa = XCBuildConfiguration;
			buildSettings = {
				ALWAYS_EMBED_SWIFT_STANDARD_LIBRARIES = YES;
				BUNDLE_LOADER = "$(TEST_HOST)";
				INFOPLIST_FILE = HomepwnerTests/Info.plist;
				LD_RUNPATH_SEARCH_PATHS = "$(inherited) @executable_path/Frameworks @loader_path/Frameworks";
				PRODUCT_BUNDLE_IDENTIFIER = msbbeumer.HomepwnerTests;
				PRODUCT_NAME = "$(TARGET_NAME)";
				SWIFT_VERSION = 3.0;
				TEST_HOST = "$(BUILT_PRODUCTS_DIR)/Homepwner.app/Homepwner";
			};
			name = Debug;
		};
		59F077401E72EE8400EA010B /* Release */ = {
			isa = XCBuildConfiguration;
			buildSettings = {
				ALWAYS_EMBED_SWIFT_STANDARD_LIBRARIES = YES;
				BUNDLE_LOADER = "$(TEST_HOST)";
				INFOPLIST_FILE = HomepwnerTests/Info.plist;
				LD_RUNPATH_SEARCH_PATHS = "$(inherited) @executable_path/Frameworks @loader_path/Frameworks";
				PRODUCT_BUNDLE_IDENTIFIER = msbbeumer.HomepwnerTests;
				PRODUCT_NAME = "$(TARGET_NAME)";
				SWIFT_VERSION = 3.0;
				TEST_HOST = "$(BUILT_PRODUCTS_DIR)/Homepwner.app/Homepwner";
			};
			name = Release;
		};
		59F077421E72EE8400EA010B /* Debug */ = {
			isa = XCBuildConfiguration;
			buildSettings = {
				ALWAYS_EMBED_SWIFT_STANDARD_LIBRARIES = YES;
				INFOPLIST_FILE = HomepwnerUITests/Info.plist;
				LD_RUNPATH_SEARCH_PATHS = "$(inherited) @executable_path/Frameworks @loader_path/Frameworks";
				PRODUCT_BUNDLE_IDENTIFIER = msbbeumer.HomepwnerUITests;
				PRODUCT_NAME = "$(TARGET_NAME)";
				SWIFT_VERSION = 3.0;
				TEST_TARGET_NAME = Homepwner;
			};
			name = Debug;
		};
		59F077431E72EE8400EA010B /* Release */ = {
			isa = XCBuildConfiguration;
			buildSettings = {
				ALWAYS_EMBED_SWIFT_STANDARD_LIBRARIES = YES;
				INFOPLIST_FILE = HomepwnerUITests/Info.plist;
				LD_RUNPATH_SEARCH_PATHS = "$(inherited) @executable_path/Frameworks @loader_path/Frameworks";
				PRODUCT_BUNDLE_IDENTIFIER = msbbeumer.HomepwnerUITests;
				PRODUCT_NAME = "$(TARGET_NAME)";
				SWIFT_VERSION = 3.0;
				TEST_TARGET_NAME = Homepwner;
			};
			name = Release;
		};
/* End XCBuildConfiguration section */

/* Begin XCConfigurationList section */
		59F0770E1E72EE8400EA010B /* Build configuration list for PBXProject "Homepwner" */ = {
			isa = XCConfigurationList;
			buildConfigurations = (
				59F077391E72EE8400EA010B /* Debug */,
				59F0773A1E72EE8400EA010B /* Release */,
			);
			defaultConfigurationIsVisible = 0;
			defaultConfigurationName = Release;
		};
		59F0773B1E72EE8400EA010B /* Build configuration list for PBXNativeTarget "Homepwner" */ = {
			isa = XCConfigurationList;
			buildConfigurations = (
				59F0773C1E72EE8400EA010B /* Debug */,
				59F0773D1E72EE8400EA010B /* Release */,
			);
			defaultConfigurationIsVisible = 0;
		};
		59F0773E1E72EE8400EA010B /* Build configuration list for PBXNativeTarget "HomepwnerTests" */ = {
			isa = XCConfigurationList;
			buildConfigurations = (
				59F0773F1E72EE8400EA010B /* Debug */,
				59F077401E72EE8400EA010B /* Release */,
			);
			defaultConfigurationIsVisible = 0;
		};
		59F077411E72EE8400EA010B /* Build configuration list for PBXNativeTarget "HomepwnerUITests" */ = {
			isa = XCConfigurationList;
			buildConfigurations = (
				59F077421E72EE8400EA010B /* Debug */,
				59F077431E72EE8400EA010B /* Release */,
			);
			defaultConfigurationIsVisible = 0;
		};
/* End XCConfigurationList section */
	};
	rootObject = 59F0770B1E72EE8400EA010B /* Project object */;
}
